schema: '2.0'
stages:
  prepare:
    cmd: python src/prepare.py
    deps:
    - path: data/data.csv
      hash: md5
      md5: 94a1fb80ed64b52b86206d8319dc5243
      size: 5034237
    - path: src/prepare.py
      hash: md5
      md5: 1fcd83d6aa913927fdced23f71ccdc5a
      size: 2728
    outs:
    - path: data/prepared/test.csv
      hash: md5
      md5: 81f5540f23c368c583e56d3ec61fdd8d
      size: 20545219
    - path: data/prepared/train.csv
      hash: md5
      md5: 970a9d269138b7777b98b742d93634db
      size: 47936379
  train:
    cmd: python src/train.py
    deps:
    - path: data/prepared/train.csv
      hash: md5
      md5: 970a9d269138b7777b98b742d93634db
      size: 47936379
    - path: src/train.py
      hash: md5
      md5: 51e62eb15becfbafc122ad19bc46b5f5
      size: 1235
    outs:
    - path: models/gradient-boosting.joblib
      hash: md5
      md5: d1d771ab90c98fbc07bc3698aff9d304
      size: 338396
    - path: models/k-neighbors.joblib
      hash: md5
      md5: 27354d69f15b36470ec12979b728e447
      size: 60342252
    - path: models/random-forest.joblib
      hash: md5
      md5: e12912cd0da08534ab20b19e280d2823
      size: 113846553
  evaluate:
    cmd: python src/evaluate.py
    deps:
    - path: data/prepared/test.csv
      hash: md5
      md5: 81f5540f23c368c583e56d3ec61fdd8d
      size: 20545219
    - path: models/gradient-boosting.joblib
      hash: md5
      md5: d1d771ab90c98fbc07bc3698aff9d304
      size: 338396
    - path: models/k-neighbors.joblib
      hash: md5
      md5: 27354d69f15b36470ec12979b728e447
      size: 60342252
    - path: models/random-forest.joblib
      hash: md5
      md5: e12912cd0da08534ab20b19e280d2823
      size: 113846553
    - path: src/evaluate.py
      hash: md5
      md5: f89eef20f0c11737ee1119eb1ed31730
      size: 1307
    outs:
    - path: scores/gradient-boosting.json
      hash: md5
      md5: 2d0edc478bea494f1a5e230363cf36f3
      size: 184
    - path: scores/k-neighbors.json
      hash: md5
      md5: 8edb3a81c731a59c552c98f61199fdd8
      size: 185
    - path: scores/random-forest.json
      hash: md5
      md5: 8b1f70c20e3bf2a2d351c40ebfbf42f0
      size: 137
