schema: '2.0'
stages:
  prepare:
    cmd: python src/prepare.py
    deps:
    - path: data/data.csv
      hash: md5
      md5: 94a1fb80ed64b52b86206d8319dc5243
      size: 5034237
    - path: src/prepare.py
      hash: md5
      md5: 2e04739d192484cf73bb31993c46a69e
      size: 2786
    outs:
    - path: data/prepared/test.csv
      hash: md5
      md5: 67266ad632a5c56137e5a7adb502b4a3
      size: 36129472
    - path: data/prepared/train.csv
      hash: md5
      md5: e1f8dd1be73af4d6db9b009f5d5a8605
      size: 84281773
  train:
    cmd: python src/train.py
    deps:
    - path: data/prepared/train.csv
      hash: md5
      md5: e1f8dd1be73af4d6db9b009f5d5a8605
      size: 84281773
    - path: src/train.py
      hash: md5
      md5: b1767d1189c264a3f6d6328def6948bd
      size: 1235
    outs:
    - path: models/gradient-boosting.joblib
      hash: md5
      md5: 9603c31140ada5764784c93f8f0cfd48
      size: 348332
    - path: models/k-neighbors.joblib
      hash: md5
      md5: 8d175409de45c7c5ca472b2559f2c35d
      size: 105354638
    - path: models/random-forest.joblib
      hash: md5
      md5: 8a0cab4eab5e5df50c00ca50d2a1b306
      size: 118915033
  evaluate:
    cmd: python src/evaluate.py
    deps:
    - path: data/prepared/test.csv
      hash: md5
      md5: 67266ad632a5c56137e5a7adb502b4a3
      size: 36129472
    - path: models/gradient-boosting.joblib
      hash: md5
      md5: 9603c31140ada5764784c93f8f0cfd48
      size: 348332
    - path: models/k-neighbors.joblib
      hash: md5
      md5: 8d175409de45c7c5ca472b2559f2c35d
      size: 105354638
    - path: models/random-forest.joblib
      hash: md5
      md5: 8a0cab4eab5e5df50c00ca50d2a1b306
      size: 118915033
    - path: src/evaluate.py
      hash: md5
      md5: f89eef20f0c11737ee1119eb1ed31730
      size: 1307
    outs:
    - path: scores/gradient-boosting.json
      hash: md5
      md5: 16df82542e2d0a16290f2c1ae1d3bc5a
      size: 181
    - path: scores/k-neighbors.json
      hash: md5
      md5: 1a201d8703a01e6db2d2993d2fe79173
      size: 182
    - path: scores/random-forest.json
      hash: md5
      md5: 17f36f39797dc7c9fac2ad0426fd4144
      size: 182
